
Microsoft Visual Studio Solution File, Format Version 12.00
# Visual Studio Version 17
VisualStudioVersion = 17.14.36408.4 d17.14
MinimumVisualStudioVersion = 10.0.40219.1
Project("{FAE04EC0-301F-11D3-BF4B-00C04F79EFBC}") = "CMSystemWebApis", "CMSystemWebApis.csproj", "{0CCD2A32-8B2B-4222-BAC9-5EAB066F946A}"
EndProject
Global
	GlobalSection(SolutionConfigurationPlatforms) = preSolution
		Debug|Any CPU = Debug|Any CPU
		Release|Any CPU = Release|Any CPU
	EndGlobalSection
	GlobalSection(ProjectConfigurationPlatforms) = postSolution
		{0CCD2A32-8B2B-4222-BAC9-5EAB066F946A}.Debug|Any CPU.ActiveCfg = Debug|Any CPU
		{0CCD2A32-8B2B-4222-BAC9-5EAB066F946A}.Debug|Any CPU.Build.0 = Debug|Any CPU
		{0CCD2A32-8B2B-4222-BAC9-5EAB066F946A}.Release|Any CPU.ActiveCfg = Release|Any CPU
		{0CCD2A32-8B2B-4222-BAC9-5EAB066F946A}.Release|Any CPU.Build.0 = Release|Any CPU
	EndGlobalSection
	GlobalSection(SolutionProperties) = preSolution
		HideSolutionNode = FALSE
	EndGlobalSection
	GlobalSection(ExtensibilityGlobals) = postSolution
		SolutionGuid = {EBE25349-2DF9-45E5-BD00-B6D11F0BB59A}
	EndGlobalSection
EndGlobal
